
Microsoft Visual Studio Solution File, Format Version 12.00
# Visual Studio Version 17
VisualStudioVersion = 17.6.33829.357
MinimumVisualStudioVersion = 10.0.40219.1
Project("{9A19103F-16F7-4668-BE54-9A1E7A4F7556}") = "Workerservice", "Workerservice\Workerservice.csproj", "{5C6A3546-C836-49C0-A6F9-6054C1D18E08}"
EndProject
Global
	GlobalSection(SolutionConfigurationPlatforms) = preSolution
		Debug|Any CPU = Debug|Any CPU
		Release|Any CPU = Release|Any CPU
	EndGlobalSection
	GlobalSection(ProjectConfigurationPlatforms) = postSolution
		{5C6A3546-C836-49C0-A6F9-6054C1D18E08}.Debug|Any CPU.ActiveCfg = Debug|Any CPU
		{5C6A3546-C836-49C0-A6F9-6054C1D18E08}.Debug|Any CPU.Build.0 = Debug|Any CPU
		{5C6A3546-C836-49C0-A6F9-6054C1D18E08}.Release|Any CPU.ActiveCfg = Release|Any CPU
		{5C6A3546-C836-49C0-A6F9-6054C1D18E08}.Release|Any CPU.Build.0 = Release|Any CPU
	EndGlobalSection
	GlobalSection(SolutionProperties) = preSolution
		HideSolutionNode = FALSE
	EndGlobalSection
	GlobalSection(ExtensibilityGlobals) = postSolution
		SolutionGuid = {A5912402-DECC-403D-B52B-2E64512D3B45}
	EndGlobalSection
EndGlobal
